Microsoft Visual Studio Solution File, Format Version 12.00
# Visual Studio Version 17
VisualStudioVersion = 17.5.2.0
MinimumVisualStudioVersion = 10.0.40219.1
Project("{FAE04EC0-301F-11D3-BF4B-00C04F79EFBC}") = "Trabalho", "Trabalho\Trabalho.csproj", "{143071D5-4F4E-2B89-3271-9B9E3790A556}"
EndProject
Global
	GlobalSection(SolutionConfigurationPlatforms) = preSolution
		Debug|Any CPU = Debug|Any CPU
		Release|Any CPU = Release|Any CPU
	EndGlobalSection
	GlobalSection(ProjectConfigurationPlatforms) = postSolution
		{143071D5-4F4E-2B89-3271-9B9E3790A556}.Debug|Any CPU.ActiveCfg = Debug|Any CPU
		{143071D5-4F4E-2B89-3271-9B9E3790A556}.Debug|Any CPU.Build.0 = Debug|Any CPU
		{143071D5-4F4E-2B89-3271-9B9E3790A556}.Release|Any CPU.ActiveCfg = Release|Any CPU
		{143071D5-4F4E-2B89-3271-9B9E3790A556}.Release|Any CPU.Build.0 = Release|Any CPU
	EndGlobalSection
	GlobalSection(SolutionProperties) = preSolution
		HideSolutionNode = FALSE
	EndGlobalSection
	GlobalSection(ExtensibilityGlobals) = postSolution
		SolutionGuid = {C0EA64D7-21B5-4D7F-BA73-DEC61ECA4B51}
	EndGlobalSection
EndGlobal
